
Microsoft Visual Studio Solution File, Format Version 12.00
# Visual Studio 2013
VisualStudioVersion = 12.0.30501.0
MinimumVisualStudioVersion = 10.0.40219.1
Project("{FAE04EC0-301F-11D3-BF4B-00C04F79EFBC}") = "PasswordManager", "Password\PasswordManager.csproj", "{F5A9C8E5-C8C7-4F4F-B973-76EAB3DC5061}"
EndProject
Project("{D954291E-2A0B-460D-934E-DC6B0785DB48}") = "PasswordManager.Shared", "PasswordManager.Shared1\PasswordManager.Shared.shproj", "{6EB4CD6A-992B-4C8A-8048-7F1951321749}"
EndProject
Project("{FAE04EC0-301F-11D3-BF4B-00C04F79EFBC}") = "PasswordManager.WindowsPhone", "PasswordManager.WindowsPhone1\PasswordManager.WindowsPhone.csproj", "{15655F9B-05EF-48E0-8906-0609A709797B}"
EndProject
Project("{FAE04EC0-301F-11D3-BF4B-00C04F79EFBC}") = "PasswordManager.Background", "PasswordManager.BackgroundTask\PasswordManager.Background.csproj", "{77533B68-7F1B-4E2E-9ECC-631740F320E2}"
EndProject
Global
	GlobalSection(SharedMSBuildProjectFiles) = preSolution
		PasswordManager.Shared1\PasswordManager.Shared1.projitems*{6eb4cd6a-992b-4c8a-8048-7f1951321749}*SharedItemsImports = 13
		PasswordManager.Shared1\PasswordManager.Shared1.projitems*{15655f9b-05ef-48e0-8906-0609a709797b}*SharedItemsImports = 4
		PasswordManager.Shared1\PasswordManager.Shared1.projitems*{f5a9c8e5-c8c7-4f4f-b973-76eab3dc5061}*SharedItemsImports = 4
	EndGlobalSection
	GlobalSection(SolutionConfigurationPlatforms) = preSolution
		Debug|Any CPU = Debug|Any CPU
		Debug|ARM = Debug|ARM
		Debug|x64 = Debug|x64
		Debug|x86 = Debug|x86
		Release|Any CPU = Release|Any CPU
		Release|ARM = Release|ARM
		Release|x64 = Release|x64
		Release|x86 = Release|x86
	EndGlobalSection
	GlobalSection(ProjectConfigurationPlatforms) = postSolution
		{F5A9C8E5-C8C7-4F4F-B973-76EAB3DC5061}.Debug|Any CPU.ActiveCfg = Debug|Any CPU
		{F5A9C8E5-C8C7-4F4F-B973-76EAB3DC5061}.Debug|Any CPU.Build.0 = Debug|Any CPU
		{F5A9C8E5-C8C7-4F4F-B973-76EAB3DC5061}.Debug|Any CPU.Deploy.0 = Debug|Any CPU
		{F5A9C8E5-C8C7-4F4F-B973-76EAB3DC5061}.Debug|ARM.ActiveCfg = Debug|ARM
		{F5A9C8E5-C8C7-4F4F-B973-76EAB3DC5061}.Debug|ARM.Build.0 = Debug|ARM
		{F5A9C8E5-C8C7-4F4F-B973-76EAB3DC5061}.Debug|ARM.Deploy.0 = Debug|ARM
		{F5A9C8E5-C8C7-4F4F-B973-76EAB3DC5061}.Debug|x64.ActiveCfg = Debug|x64
		{F5A9C8E5-C8C7-4F4F-B973-76EAB3DC5061}.Debug|x64.Build.0 = Debug|x64
		{F5A9C8E5-C8C7-4F4F-B973-76EAB3DC5061}.Debug|x64.Deploy.0 = Debug|x64
		{F5A9C8E5-C8C7-4F4F-B973-76EAB3DC5061}.Debug|x86.ActiveCfg = Debug|x86
		{F5A9C8E5-C8C7-4F4F-B973-76EAB3DC5061}.Debug|x86.Build.0 = Debug|x86
		{F5A9C8E5-C8C7-4F4F-B973-76EAB3DC5061}.Debug|x86.Deploy.0 = Debug|x86
		{F5A9C8E5-C8C7-4F4F-B973-76EAB3DC5061}.Release|Any CPU.ActiveCfg = Release|Any CPU
		{F5A9C8E5-C8C7-4F4F-B973-76EAB3DC5061}.Release|Any CPU.Build.0 = Release|Any CPU
		{F5A9C8E5-C8C7-4F4F-B973-76EAB3DC5061}.Release|Any CPU.Deploy.0 = Release|Any CPU
		{F5A9C8E5-C8C7-4F4F-B973-76EAB3DC5061}.Release|ARM.ActiveCfg = Release|ARM
		{F5A9C8E5-C8C7-4F4F-B973-76EAB3DC5061}.Release|ARM.Build.0 = Release|ARM
		{F5A9C8E5-C8C7-4F4F-B973-76EAB3DC5061}.Release|ARM.Deploy.0 = Release|ARM
		{F5A9C8E5-C8C7-4F4F-B973-76EAB3DC5061}.Release|x64.ActiveCfg = Release|x64
		{F5A9C8E5-C8C7-4F4F-B973-76EAB3DC5061}.Release|x64.Build.0 = Release|x64
		{F5A9C8E5-C8C7-4F4F-B973-76EAB3DC5061}.Release|x64.Deploy.0 = Release|x64
		{F5A9C8E5-C8C7-4F4F-B973-76EAB3DC5061}.Release|x86.ActiveCfg = Release|x86
		{F5A9C8E5-C8C7-4F4F-B973-76EAB3DC5061}.Release|x86.Build.0 = Release|x86
		{F5A9C8E5-C8C7-4F4F-B973-76EAB3DC5061}.Release|x86.Deploy.0 = Release|x86
		{15655F9B-05EF-48E0-8906-0609A709797B}.Debug|Any CPU.ActiveCfg = Debug|Any CPU
		{15655F9B-05EF-48E0-8906-0609A709797B}.Debug|Any CPU.Build.0 = Debug|Any CPU
		{15655F9B-05EF-48E0-8906-0609A709797B}.Debug|Any CPU.Deploy.0 = Debug|Any CPU
		{15655F9B-05EF-48E0-8906-0609A709797B}.Debug|ARM.ActiveCfg = Debug|ARM
		{15655F9B-05EF-48E0-8906-0609A709797B}.Debug|ARM.Build.0 = Debug|ARM
		{15655F9B-05EF-48E0-8906-0609A709797B}.Debug|ARM.Deploy.0 = Debug|ARM
		{15655F9B-05EF-48E0-8906-0609A709797B}.Debug|x64.ActiveCfg = Debug|Any CPU
		{15655F9B-05EF-48E0-8906-0609A709797B}.Debug|x86.ActiveCfg = Debug|x86
		{15655F9B-05EF-48E0-8906-0609A709797B}.Debug|x86.Build.0 = Debug|x86
		{15655F9B-05EF-48E0-8906-0609A709797B}.Debug|x86.Deploy.0 = Debug|x86
		{15655F9B-05EF-48E0-8906-0609A709797B}.Release|Any CPU.ActiveCfg = Release|Any CPU
		{15655F9B-05EF-48E0-8906-0609A709797B}.Release|Any CPU.Build.0 = Release|Any CPU
		{15655F9B-05EF-48E0-8906-0609A709797B}.Release|Any CPU.Deploy.0 = Release|Any CPU
		{15655F9B-05EF-48E0-8906-0609A709797B}.Release|ARM.ActiveCfg = Release|ARM
		{15655F9B-05EF-48E0-8906-0609A709797B}.Release|ARM.Build.0 = Release|ARM
		{15655F9B-05EF-48E0-8906-0609A709797B}.Release|ARM.Deploy.0 = Release|ARM
		{15655F9B-05EF-48E0-8906-0609A709797B}.Release|x64.ActiveCfg = Release|Any CPU
		{15655F9B-05EF-48E0-8906-0609A709797B}.Release|x86.ActiveCfg = Release|x86
		{15655F9B-05EF-48E0-8906-0609A709797B}.Release|x86.Build.0 = Release|x86
		{15655F9B-05EF-48E0-8906-0609A709797B}.Release|x86.Deploy.0 = Release|x86
		{77533B68-7F1B-4E2E-9ECC-631740F320E2}.Debug|Any CPU.ActiveCfg = Debug|Any CPU
		{77533B68-7F1B-4E2E-9ECC-631740F320E2}.Debug|Any CPU.Build.0 = Debug|Any CPU
		{77533B68-7F1B-4E2E-9ECC-631740F320E2}.Debug|ARM.ActiveCfg = Debug|Any CPU
		{77533B68-7F1B-4E2E-9ECC-631740F320E2}.Debug|x64.ActiveCfg = Debug|Any CPU
		{77533B68-7F1B-4E2E-9ECC-631740F320E2}.Debug|x86.ActiveCfg = Debug|Any CPU
		{77533B68-7F1B-4E2E-9ECC-631740F320E2}.Release|Any CPU.ActiveCfg = Release|Any CPU
		{77533B68-7F1B-4E2E-9ECC-631740F320E2}.Release|Any CPU.Build.0 = Release|Any CPU
		{77533B68-7F1B-4E2E-9ECC-631740F320E2}.Release|ARM.ActiveCfg = Release|Any CPU
		{77533B68-7F1B-4E2E-9ECC-631740F320E2}.Release|x64.ActiveCfg = Release|Any CPU
		{77533B68-7F1B-4E2E-9ECC-631740F320E2}.Release|x86.ActiveCfg = Release|Any CPU
	EndGlobalSection
	GlobalSection(SolutionProperties) = preSolution
		HideSolutionNode = FALSE
	EndGlobalSection
EndGlobal
